
Microsoft Visual Studio Solution File, Format Version 12.00
# Visual Studio Version 16
VisualStudioVersion = 16.0.30611.23
MinimumVisualStudioVersion = 10.0.40219.1
Project("{9A19103F-16F7-4668-BE54-9A1E7A4F7556}") = "InventoryLibrary", "InventoryLibrary\InventoryLibrary.csproj", "{5D59546D-B5DE-4042-945A-95C6DD8D7553}"
EndProject
Project("{9A19103F-16F7-4668-BE54-9A1E7A4F7556}") = "InventoryMaintenance", "..\InventoryMaintenance\InventoryMaintenance.csproj", "{A0BC2D1D-8BB0-4BE1-A281-F73A9F35ED96}"
EndProject
Global
	GlobalSection(SolutionConfigurationPlatforms) = preSolution
		Debug|Any CPU = Debug|Any CPU
		Release|Any CPU = Release|Any CPU
	EndGlobalSection
	GlobalSection(ProjectConfigurationPlatforms) = postSolution
		{5D59546D-B5DE-4042-945A-95C6DD8D7553}.Debug|Any CPU.ActiveCfg = Debug|Any CPU
		{5D59546D-B5DE-4042-945A-95C6DD8D7553}.Debug|Any CPU.Build.0 = Debug|Any CPU
		{5D59546D-B5DE-4042-945A-95C6DD8D7553}.Release|Any CPU.ActiveCfg = Release|Any CPU
		{5D59546D-B5DE-4042-945A-95C6DD8D7553}.Release|Any CPU.Build.0 = Release|Any CPU
		{A0BC2D1D-8BB0-4BE1-A281-F73A9F35ED96}.Debug|Any CPU.ActiveCfg = Debug|Any CPU
		{A0BC2D1D-8BB0-4BE1-A281-F73A9F35ED96}.Debug|Any CPU.Build.0 = Debug|Any CPU
		{A0BC2D1D-8BB0-4BE1-A281-F73A9F35ED96}.Release|Any CPU.ActiveCfg = Release|Any CPU
		{A0BC2D1D-8BB0-4BE1-A281-F73A9F35ED96}.Release|Any CPU.Build.0 = Release|Any CPU
	EndGlobalSection
	GlobalSection(SolutionProperties) = preSolution
		HideSolutionNode = FALSE
	EndGlobalSection
	GlobalSection(ExtensibilityGlobals) = postSolution
		SolutionGuid = {51D34206-344F-453F-AE26-27B90D02B454}
	EndGlobalSection
EndGlobal
